<?xml version="1.0" encoding="utf-8"?>
<Project ToolsVersion="4.0" xmlns="http://schemas.microsoft.com/developer/msbuild/2003">
  <ItemGroup>
    <Filter Include="src">
      <UniqueIdentifier>{4FC737F1-C7A5-4376-A066-2A32D752A2FF}</UniqueIdentifier>
      <Extensions>cpp;c;cc;cxx;def;odl;idl;hpj;bat;asm;asmx</Extensions>
    </Filter>
    <Filter Include="src\ProtectedStorage">
      <UniqueIdentifier>{1cf9967a-6693-41d7-9981-11d19838daa6}</UniqueIdentifier>
    </Filter>
    <Filter Include="res">
      <UniqueIdentifier>{67DA6AB6-F800-4c08-8B7A-83BB121AAD01}</UniqueIdentifier>
      <Extensions>rc;ico;cur;bmp;dlg;rc2;rct;bin;rgs;gif;jpg;jpeg;jpe;resx;tiff;tif;png;wav</Extensions>
    </Filter>
    <Filter Include="src\Network">
      <UniqueIdentifier>{4ee59dee-bea7-418b-9fd0-31cb6f75d352}</UniqueIdentifier>
    </Filter>
    <Filter Include="src\ServiceHelper">
      <UniqueIdentifier>{97f5cd1b-2332-4126-b435-60e02389d7e7}</UniqueIdentifier>
    </Filter>
    <Filter Include="src\Logging">
      <UniqueIdentifier>{fcdf4c86-1f0a-4f40-ac64-784a370c1632}</UniqueIdentifier>
    </Filter>
    <Filter Include="src\ChallengeResponse">
      <UniqueIdentifier>{22e0fa16-f745-4561-ae6b-9a5f3e08b828}</UniqueIdentifier>
    </Filter>
    <Filter Include="src\Request">
      <UniqueIdentifier>{ca0aaa18-2a74-4d50-a1e7-2d9a1c598e2c}</UniqueIdentifier>
    </Filter>
  </ItemGroup>
  <ItemGroup>
    <ClCompile Include="Base64.cpp">
      <Filter>src\Request</Filter>
    </ClCompile>
    <ClCompile Include="Request.cpp">
      <Filter>src\Request</Filter>
    </ClCompile>
    <ClCompile Include="ChallengeResponse.cpp">
      <Filter>src\ChallengeResponse</Filter>
    </ClCompile>
    <ClCompile Include="Sha256.cpp">
      <Filter>src\ChallengeResponse</Filter>
    </ClCompile>
    <ClCompile Include="Logger.cpp">
      <Filter>src\Logging</Filter>
    </ClCompile>
    <ClCompile Include="Network.cpp">
      <Filter>src\Network</Filter>
    </ClCompile>
    <ClCompile Include="ProtectedStorage.cpp">
      <Filter>src\ProtectedStorage</Filter>
    </ClCompile>
    <ClCompile Include="RegHelper.cpp">
      <Filter>src\ProtectedStorage</Filter>
    </ClCompile>
    <ClCompile Include="ServiceHelper.cpp">
      <Filter>src\ServiceHelper</Filter>
    </ClCompile>
    <ClCompile Include="RemoteShutdown.cpp">
      <Filter>src</Filter>
    </ClCompile>
  </ItemGroup>
  <ItemGroup>
    <ClInclude Include="ChallengeResponse.h">
      <Filter>src\ChallengeResponse</Filter>
    </ClInclude>
    <ClInclude Include="ProtectedStorage.h">
      <Filter>src\ProtectedStorage</Filter>
    </ClInclude>
    <ClInclude Include="RegHelper.h">
      <Filter>src\ProtectedStorage</Filter>
    </ClInclude>
    <ClInclude Include="Sha256.h">
      <Filter>src\ChallengeResponse</Filter>
    </ClInclude>
    <ClInclude Include="Network.h">
      <Filter>src\Network</Filter>
    </ClInclude>
    <ClInclude Include="ServiceHelper.h">
      <Filter>src\ServiceHelper</Filter>
    </ClInclude>
    <ClInclude Include="RemoteShutdown.h">
      <Filter>src</Filter>
    </ClInclude>
    <ClInclude Include="GlobalConst.h">
      <Filter>src</Filter>
    </ClInclude>
    <ClInclude Include="resource.h">
      <Filter>res</Filter>
    </ClInclude>
    <ClInclude Include="Logger.h">
      <Filter>src\Logging</Filter>
    </ClInclude>
    <ClInclude Include="Request.h">
      <Filter>src\Request</Filter>
    </ClInclude>
    <ClInclude Include="Base64.h">
      <Filter>src\Request</Filter>
    </ClInclude>
  </ItemGroup>
  <ItemGroup>
    <ResourceCompile Include="RemoteShutdown.rc">
      <Filter>res</Filter>
    </ResourceCompile>
  </ItemGroup>
</Project>